
Microsoft Visual Studio Solution File, Format Version 12.00
# Visual Studio 15
VisualStudioVersion = 15.0.25807.0
MinimumVisualStudioVersion = 10.0.40219.1
Project("{2150E333-8FDC-42A3-9474-1A3956D46DE8}") = "Engine", "Engine", "{34CADEFE-C8F4-44DC-9888-4E82F11CAE43}"
EndProject
Project("{2150E333-8FDC-42A3-9474-1A3956D46DE8}") = "Games", "Games", "{C91FC850-F51E-46CE-8180-AC2303C04596}"
EndProject
Project("{8BC9CEB8-8B4A-11D0-8D11-00A0C91BC942}") = "UE4", "Intermediate\ProjectFiles\UE4.vcxproj", "{AC9ECE27-BF87-463C-9E8E-13C357438F29}"
EndProject
Project("{8BC9CEB8-8B4A-11D0-8D11-00A0C91BC942}") = "HowTo_AutoCamera", "Intermediate\ProjectFiles\HowTo_AutoCamera.vcxproj", "{3ED23762-C9D7-455A-BD8D-23ACA782AA4B}"
EndProject
Global
	GlobalSection(SolutionConfigurationPlatforms) = preSolution
		DebugGame Editor|HTML5 = DebugGame Editor|HTML5
		DebugGame Editor|Win32 = DebugGame Editor|Win32
		DebugGame Editor|Win64 = DebugGame Editor|Win64
		DebugGame|HTML5 = DebugGame|HTML5
		DebugGame|Win32 = DebugGame|Win32
		DebugGame|Win64 = DebugGame|Win64
		Development Editor|HTML5 = Development Editor|HTML5
		Development Editor|Win32 = Development Editor|Win32
		Development Editor|Win64 = Development Editor|Win64
		Development|HTML5 = Development|HTML5
		Development|Win32 = Development|Win32
		Development|Win64 = Development|Win64
		Shipping|HTML5 = Shipping|HTML5
		Shipping|Win32 = Shipping|Win32
		Shipping|Win64 = Shipping|Win64
	EndGlobalSection
	GlobalSection(ProjectConfigurationPlatforms) = postSolution
		{AC9ECE27-BF87-463C-9E8E-13C357438F29}.DebugGame Editor|HTML5.ActiveCfg = BuiltWithUnrealBuildTool|Win32
		{AC9ECE27-BF87-463C-9E8E-13C357438F29}.DebugGame Editor|HTML5.Build.0 = BuiltWithUnrealBuildTool|Win32
		{AC9ECE27-BF87-463C-9E8E-13C357438F29}.DebugGame Editor|Win32.ActiveCfg = BuiltWithUnrealBuildTool|Win32
		{AC9ECE27-BF87-463C-9E8E-13C357438F29}.DebugGame Editor|Win32.Build.0 = BuiltWithUnrealBuildTool|Win32
		{AC9ECE27-BF87-463C-9E8E-13C357438F29}.DebugGame Editor|Win64.ActiveCfg = BuiltWithUnrealBuildTool|Win32
		{AC9ECE27-BF87-463C-9E8E-13C357438F29}.DebugGame Editor|Win64.Build.0 = BuiltWithUnrealBuildTool|Win32
		{AC9ECE27-BF87-463C-9E8E-13C357438F29}.DebugGame|HTML5.ActiveCfg = BuiltWithUnrealBuildTool|Win32
		{AC9ECE27-BF87-463C-9E8E-13C357438F29}.DebugGame|HTML5.Build.0 = BuiltWithUnrealBuildTool|Win32
		{AC9ECE27-BF87-463C-9E8E-13C357438F29}.DebugGame|Win32.ActiveCfg = BuiltWithUnrealBuildTool|Win32
		{AC9ECE27-BF87-463C-9E8E-13C357438F29}.DebugGame|Win32.Build.0 = BuiltWithUnrealBuildTool|Win32
		{AC9ECE27-BF87-463C-9E8E-13C357438F29}.DebugGame|Win64.ActiveCfg = BuiltWithUnrealBuildTool|Win32
		{AC9ECE27-BF87-463C-9E8E-13C357438F29}.DebugGame|Win64.Build.0 = BuiltWithUnrealBuildTool|Win32
		{AC9ECE27-BF87-463C-9E8E-13C357438F29}.Development Editor|HTML5.ActiveCfg = BuiltWithUnrealBuildTool|Win32
		{AC9ECE27-BF87-463C-9E8E-13C357438F29}.Development Editor|HTML5.Build.0 = BuiltWithUnrealBuildTool|Win32
		{AC9ECE27-BF87-463C-9E8E-13C357438F29}.Development Editor|Win32.ActiveCfg = BuiltWithUnrealBuildTool|Win32
		{AC9ECE27-BF87-463C-9E8E-13C357438F29}.Development Editor|Win32.Build.0 = BuiltWithUnrealBuildTool|Win32
		{AC9ECE27-BF87-463C-9E8E-13C357438F29}.Development Editor|Win64.ActiveCfg = BuiltWithUnrealBuildTool|Win32
		{AC9ECE27-BF87-463C-9E8E-13C357438F29}.Development Editor|Win64.Build.0 = BuiltWithUnrealBuildTool|Win32
		{AC9ECE27-BF87-463C-9E8E-13C357438F29}.Development|HTML5.ActiveCfg = BuiltWithUnrealBuildTool|Win32
		{AC9ECE27-BF87-463C-9E8E-13C357438F29}.Development|HTML5.Build.0 = BuiltWithUnrealBuildTool|Win32
		{AC9ECE27-BF87-463C-9E8E-13C357438F29}.Development|Win32.ActiveCfg = BuiltWithUnrealBuildTool|Win32
		{AC9ECE27-BF87-463C-9E8E-13C357438F29}.Development|Win32.Build.0 = BuiltWithUnrealBuildTool|Win32
		{AC9ECE27-BF87-463C-9E8E-13C357438F29}.Development|Win64.ActiveCfg = BuiltWithUnrealBuildTool|Win32
		{AC9ECE27-BF87-463C-9E8E-13C357438F29}.Development|Win64.Build.0 = BuiltWithUnrealBuildTool|Win32
		{AC9ECE27-BF87-463C-9E8E-13C357438F29}.Shipping|HTML5.ActiveCfg = BuiltWithUnrealBuildTool|Win32
		{AC9ECE27-BF87-463C-9E8E-13C357438F29}.Shipping|HTML5.Build.0 = BuiltWithUnrealBuildTool|Win32
		{AC9ECE27-BF87-463C-9E8E-13C357438F29}.Shipping|Win32.ActiveCfg = BuiltWithUnrealBuildTool|Win32
		{AC9ECE27-BF87-463C-9E8E-13C357438F29}.Shipping|Win32.Build.0 = BuiltWithUnrealBuildTool|Win32
		{AC9ECE27-BF87-463C-9E8E-13C357438F29}.Shipping|Win64.ActiveCfg = BuiltWithUnrealBuildTool|Win32
		{AC9ECE27-BF87-463C-9E8E-13C357438F29}.Shipping|Win64.Build.0 = BuiltWithUnrealBuildTool|Win32
		{3ED23762-C9D7-455A-BD8D-23ACA782AA4B}.DebugGame Editor|HTML5.ActiveCfg = HTML5_DebugGame_Editor|Win32
		{3ED23762-C9D7-455A-BD8D-23ACA782AA4B}.DebugGame Editor|Win32.ActiveCfg = DebugGame_Editor|Win32
		{3ED23762-C9D7-455A-BD8D-23ACA782AA4B}.DebugGame Editor|Win64.ActiveCfg = DebugGame_Editor|x64
		{3ED23762-C9D7-455A-BD8D-23ACA782AA4B}.DebugGame Editor|Win64.Build.0 = DebugGame_Editor|x64
		{3ED23762-C9D7-455A-BD8D-23ACA782AA4B}.DebugGame|HTML5.ActiveCfg = HTML5_DebugGame_Game|Win32
		{3ED23762-C9D7-455A-BD8D-23ACA782AA4B}.DebugGame|HTML5.Build.0 = HTML5_DebugGame_Game|Win32
		{3ED23762-C9D7-455A-BD8D-23ACA782AA4B}.DebugGame|Win32.ActiveCfg = DebugGame_Game|Win32
		{3ED23762-C9D7-455A-BD8D-23ACA782AA4B}.DebugGame|Win32.Build.0 = DebugGame_Game|Win32
		{3ED23762-C9D7-455A-BD8D-23ACA782AA4B}.DebugGame|Win64.ActiveCfg = DebugGame_Game|x64
		{3ED23762-C9D7-455A-BD8D-23ACA782AA4B}.DebugGame|Win64.Build.0 = DebugGame_Game|x64
		{3ED23762-C9D7-455A-BD8D-23ACA782AA4B}.Development Editor|HTML5.ActiveCfg = HTML5_Development_Editor|Win32
		{3ED23762-C9D7-455A-BD8D-23ACA782AA4B}.Development Editor|Win32.ActiveCfg = Development_Editor|Win32
		{3ED23762-C9D7-455A-BD8D-23ACA782AA4B}.Development Editor|Win64.ActiveCfg = Development_Editor|x64
		{3ED23762-C9D7-455A-BD8D-23ACA782AA4B}.Development Editor|Win64.Build.0 = Development_Editor|x64
		{3ED23762-C9D7-455A-BD8D-23ACA782AA4B}.Development|HTML5.ActiveCfg = HTML5_Development_Game|Win32
		{3ED23762-C9D7-455A-BD8D-23ACA782AA4B}.Development|HTML5.Build.0 = HTML5_Development_Game|Win32
		{3ED23762-C9D7-455A-BD8D-23ACA782AA4B}.Development|Win32.ActiveCfg = Development_Game|Win32
		{3ED23762-C9D7-455A-BD8D-23ACA782AA4B}.Development|Win32.Build.0 = Development_Game|Win32
		{3ED23762-C9D7-455A-BD8D-23ACA782AA4B}.Development|Win64.ActiveCfg = Development_Game|x64
		{3ED23762-C9D7-455A-BD8D-23ACA782AA4B}.Development|Win64.Build.0 = Development_Game|x64
		{3ED23762-C9D7-455A-BD8D-23ACA782AA4B}.Shipping|HTML5.ActiveCfg = HTML5_Shipping_Game|Win32
		{3ED23762-C9D7-455A-BD8D-23ACA782AA4B}.Shipping|HTML5.Build.0 = HTML5_Shipping_Game|Win32
		{3ED23762-C9D7-455A-BD8D-23ACA782AA4B}.Shipping|Win32.ActiveCfg = Shipping_Game|Win32
		{3ED23762-C9D7-455A-BD8D-23ACA782AA4B}.Shipping|Win32.Build.0 = Shipping_Game|Win32
		{3ED23762-C9D7-455A-BD8D-23ACA782AA4B}.Shipping|Win64.ActiveCfg = Shipping_Game|x64
		{3ED23762-C9D7-455A-BD8D-23ACA782AA4B}.Shipping|Win64.Build.0 = Shipping_Game|x64
	EndGlobalSection
	GlobalSection(SolutionProperties) = preSolution
		HideSolutionNode = FALSE
	EndGlobalSection
	GlobalSection(NestedProjects) = preSolution
		{AC9ECE27-BF87-463C-9E8E-13C357438F29} = {34CADEFE-C8F4-44DC-9888-4E82F11CAE43}
		{3ED23762-C9D7-455A-BD8D-23ACA782AA4B} = {C91FC850-F51E-46CE-8180-AC2303C04596}
	EndGlobalSection
	GlobalSection(ExtensibilityGlobals) = postSolution
		SolutionGuid = {9D5E7725-4E85-42AE-A2C8-7771A39A5759}
	EndGlobalSection
EndGlobal
